
Microsoft Visual Studio Solution File, Format Version 12.00
# Visual Studio Version 16
VisualStudioVersion = 16.0.32228.343
MinimumVisualStudioVersion = 10.0.40219.1
Project("{FAE04EC0-301F-11D3-BF4B-00C04F79EFBC}") = "SolutionTest2.WebApp", "SolutionTest2.WebApp\SolutionTest2.WebApp.csproj", "{67B685B4-54C4-4CA1-B48A-AEFCB15A58FD}"
EndProject
Project("{FAE04EC0-301F-11D3-BF4B-00C04F79EFBC}") = "SolutionTest2.Data", "SolutionTest2.Data\SolutionTest2.Data.csproj", "{B64D9E84-FBB1-430F-9A91-799CE617FDA0}"
EndProject
Project("{FAE04EC0-301F-11D3-BF4B-00C04F79EFBC}") = "SolutionTest2.AppService", "SolutionTest2.AppService\SolutionTest2.AppService.csproj", "{A5C76B38-664E-45CF-A8E6-033414FB6538}"
EndProject
Global
	GlobalSection(SolutionConfigurationPlatforms) = preSolution
		Debug|Any CPU = Debug|Any CPU
		Release|Any CPU = Release|Any CPU
	EndGlobalSection
	GlobalSection(ProjectConfigurationPlatforms) = postSolution
		{67B685B4-54C4-4CA1-B48A-AEFCB15A58FD}.Debug|Any CPU.ActiveCfg = Debug|Any CPU
		{67B685B4-54C4-4CA1-B48A-AEFCB15A58FD}.Debug|Any CPU.Build.0 = Debug|Any CPU
		{67B685B4-54C4-4CA1-B48A-AEFCB15A58FD}.Release|Any CPU.ActiveCfg = Release|Any CPU
		{67B685B4-54C4-4CA1-B48A-AEFCB15A58FD}.Release|Any CPU.Build.0 = Release|Any CPU
		{B64D9E84-FBB1-430F-9A91-799CE617FDA0}.Debug|Any CPU.ActiveCfg = Debug|Any CPU
		{B64D9E84-FBB1-430F-9A91-799CE617FDA0}.Debug|Any CPU.Build.0 = Debug|Any CPU
		{B64D9E84-FBB1-430F-9A91-799CE617FDA0}.Release|Any CPU.ActiveCfg = Release|Any CPU
		{B64D9E84-FBB1-430F-9A91-799CE617FDA0}.Release|Any CPU.Build.0 = Release|Any CPU
		{A5C76B38-664E-45CF-A8E6-033414FB6538}.Debug|Any CPU.ActiveCfg = Debug|Any CPU
		{A5C76B38-664E-45CF-A8E6-033414FB6538}.Debug|Any CPU.Build.0 = Debug|Any CPU
		{A5C76B38-664E-45CF-A8E6-033414FB6538}.Release|Any CPU.ActiveCfg = Release|Any CPU
		{A5C76B38-664E-45CF-A8E6-033414FB6538}.Release|Any CPU.Build.0 = Release|Any CPU
	EndGlobalSection
	GlobalSection(SolutionProperties) = preSolution
		HideSolutionNode = FALSE
	EndGlobalSection
	GlobalSection(ExtensibilityGlobals) = postSolution
		SolutionGuid = {E620F940-1E39-4008-8FB6-6C4D6FD74090}
	EndGlobalSection
EndGlobal
